
Microsoft Visual Studio Solution File, Format Version 12.00
# Visual Studio Version 17
VisualStudioVersion = 17.0.32112.339
MinimumVisualStudioVersion = 10.0.40219.1
Project("{FAE04EC0-301F-11D3-BF4B-00C04F79EFBC}") = "SistemaPracticasAcademicas", "SistemaPracticasAcademicas\SistemaPracticasAcademicas.csproj", "{006A0554-E10F-45AF-A6F6-87864B106EEF}"
EndProject
Global
	GlobalSection(SolutionConfigurationPlatforms) = preSolution
		Debug|Any CPU = Debug|Any CPU
		Release|Any CPU = Release|Any CPU
	EndGlobalSection
	GlobalSection(ProjectConfigurationPlatforms) = postSolution
		{006A0554-E10F-45AF-A6F6-87864B106EEF}.Debug|Any CPU.ActiveCfg = Debug|Any CPU
		{006A0554-E10F-45AF-A6F6-87864B106EEF}.Debug|Any CPU.Build.0 = Debug|Any CPU
		{006A0554-E10F-45AF-A6F6-87864B106EEF}.Release|Any CPU.ActiveCfg = Release|Any CPU
		{006A0554-E10F-45AF-A6F6-87864B106EEF}.Release|Any CPU.Build.0 = Release|Any CPU
	EndGlobalSection
	GlobalSection(SolutionProperties) = preSolution
		HideSolutionNode = FALSE
	EndGlobalSection
	GlobalSection(ExtensibilityGlobals) = postSolution
		SolutionGuid = {611B1B62-803F-40C4-9DFF-32D46D722100}
	EndGlobalSection
EndGlobal
